
Microsoft Visual Studio Solution File, Format Version 12.00
# Visual Studio 15
VisualStudioVersion = 15.0.28307.329
MinimumVisualStudioVersion = 10.0.40219.1
Project("{FAE04EC0-301F-11D3-BF4B-00C04F79EFBC}") = "SwifmTransfer_JavaAPI_UI", "SwifmTransfer_JavaAPI_UI\SwifmTransfer_JavaAPI_UI.csproj", "{6499FDC3-FE15-4B18-9E43-209B3BC3922B}"
EndProject
Global
	GlobalSection(SolutionConfigurationPlatforms) = preSolution
		Debug|Any CPU = Debug|Any CPU
		Release|Any CPU = Release|Any CPU
	EndGlobalSection
	GlobalSection(ProjectConfigurationPlatforms) = postSolution
		{6499FDC3-FE15-4B18-9E43-209B3BC3922B}.Debug|Any CPU.ActiveCfg = Debug|Any CPU
		{6499FDC3-FE15-4B18-9E43-209B3BC3922B}.Debug|Any CPU.Build.0 = Debug|Any CPU
		{6499FDC3-FE15-4B18-9E43-209B3BC3922B}.Release|Any CPU.ActiveCfg = Release|Any CPU
		{6499FDC3-FE15-4B18-9E43-209B3BC3922B}.Release|Any CPU.Build.0 = Release|Any CPU
	EndGlobalSection
	GlobalSection(SolutionProperties) = preSolution
		HideSolutionNode = FALSE
	EndGlobalSection
	GlobalSection(ExtensibilityGlobals) = postSolution
		SolutionGuid = {67E488F5-9ED5-418B-9C39-7555190F094D}
	EndGlobalSection
EndGlobal
